// !$*UTF8*$!
{
	archiveVersion = 1;
	classes = {
	};
	objectVersion = 77;
	objects = {

/* Begin PBXBuildFile section */
		6A7F621C2E13365300CE5A3E /* FirebaseAuth in Frameworks */ = {isa = PBXBuildFile; productRef = 6A7F621B2E13365300CE5A3E /* FirebaseAuth */; };
		6A7F621E2E13365300CE5A3E /* FirebaseCore in Frameworks */ = {isa = PBXBuildFile; productRef = 6A7F621D2E13365300CE5A3E /* FirebaseCore */; };
		6A7F62202E13365300CE5A3E /* FirebaseFirestore in Frameworks */ = {isa = PBXBuildFile; productRef = 6A7F621F2E13365300CE5A3E /* FirebaseFirestore */; };
/* End PBXBuildFile section */

/* Begin PBXContainerItemProxy section */
		6A753A522E12D423000C306B /* PBXContainerItemProxy */ = {
			isa = PBXContainerItemProxy;
			containerPortal = 6A753A3C2E12D421000C306B /* Project object */;
			proxyType = 1;
			remoteGlobalIDString = 6A753A432E12D421000C306B;
			remoteInfo = PulmoPulse;
		};
		6A753A5C2E12D423000C306B /* PBXContainerItemProxy */ = {
			isa = PBXContainerItemProxy;
			containerPortal = 6A753A3C2E12D421000C306B /* Project object */;
			proxyType = 1;
			remoteGlobalIDString = 6A753A432E12D421000C306B;
			remoteInfo = PulmoPulse;
		};
/* End PBXContainerItemProxy section */

/* Begin PBXFileReference section */
		6A753A442E12D421000C306B /* PulmoPulse.app */ = {isa = PBXFileReference; explicitFileType = wrapper.application; includeInIndex = 0; path = PulmoPulse.app; sourceTree = BUILT_PRODUCTS_DIR; };
		6A753A512E12D423000C306B /* PulmoPulseTests.xctest */ = {isa = PBXFileReference; explicitFileType = wrapper.cfbundle; includeInIndex = 0; path = PulmoPulseTests.xctest; sourceTree = BUILT_PRODUCTS_DIR; };
		6A753A5B2E12D423000C306B /* PulmoPulseUITests.xctest */ = {isa = PBXFileReference; explicitFileType = wrapper.cfbundle; includeInIndex = 0; path = PulmoPulseUITests.xctest; sourceTree = BUILT_PRODUCTS_DIR; };
/* End PBXFileReference section */

/* Begin PBXFileSystemSynchronizedBuildFileExceptionSet section */
		6A7F62072E1324CD00CE5A3E /* Exceptions for "PulmoPulse" folder in "PulmoPulse" target */ = {
			isa = PBXFileSystemSynchronizedBuildFileExceptionSet;
			membershipExceptions = (
				Info.plist,
			);
			target = 6A753A432E12D421000C306B /* PulmoPulse */;
		};
/* End PBXFileSystemSynchronizedBuildFileExceptionSet section */

/* Begin PBXFileSystemSynchronizedRootGroup section */
		6A753A462E12D421000C306B /* PulmoPulse */ = {
			isa = PBXFileSystemSynchronizedRootGroup;
			exceptions = (
				6A7F62072E1324CD00CE5A3E /* Exceptions for "PulmoPulse" folder in "PulmoPulse" target */,
			);
			path = PulmoPulse;
			sourceTree = "<group>";
		};
		6A753A542E12D423000C306B /* PulmoPulseTests */ = {
			isa = PBXFileSystemSynchronizedRootGroup;
			path = PulmoPulseTests;
			sourceTree = "<group>";
		};
		6A753A5E2E12D423000C306B /* PulmoPulseUITests */ = {
			isa = PBXFileSystemSynchronizedRootGroup;
			path = PulmoPulseUITests;
			sourceTree = "<group>";
		};
/* End PBXFileSystemSynchronizedRootGroup section */

/* Begin PBXFrameworksBuildPhase section */
		6A753A412E12D421000C306B /* Frameworks */ = {
			isa = PBXFrameworksBuildPhase;
			buildActionMask = 2147483647;
			files = (
				6A7F621E2E13365300CE5A3E /* FirebaseCore in Frameworks */,
				6A7F621C2E13365300CE5A3E /* FirebaseAuth in Frameworks */,
				6A7F62202E13365300CE5A3E /* FirebaseFirestore in Frameworks */,
			);
			runOnlyForDeploymentPostprocessing = 0;
		};
		6A753A4E2E12D423000C306B /* Frameworks */ = {
			isa = PBXFrameworksBuildPhase;
			buildActionMask = 2147483647;
			files = (
			);
			runOnlyForDeploymentPostprocessing = 0;
		};
		6A753A582E12D423000C306B /* Frameworks */ = {
			isa = PBXFrameworksBuildPhase;
			buildActionMask = 2147483647;
			files = (
			);
			runOnlyForDeploymentPostprocessing = 0;
		};
/* End PBXFrameworksBuildPhase section */

/* Begin PBXGroup section */
		6A753A3B2E12D421000C306B = {
			isa = PBXGroup;
			children = (
				6A753A462E12D421000C306B /* PulmoPulse */,
				6A753A542E12D423000C306B /* PulmoPulseTests */,
				6A753A5E2E12D423000C306B /* PulmoPulseUITests */,
				6A753A452E12D421000C306B /* Products */,
			);
			sourceTree = "<group>";
		};
		6A753A452E12D421000C306B /* Products */ = {
			isa = PBXGroup;
			children = (
				6A753A442E12D421000C306B /* PulmoPulse.app */,
				6A753A512E12D423000C306B /* PulmoPulseTests.xctest */,
				6A753A5B2E12D423000C306B /* PulmoPulseUITests.xctest */,
			);
			name = Products;
			sourceTree = "<group>";
		};
/* End PBXGroup section */

/* Begin PBXNativeTarget section */
		6A753A432E12D421000C306B /* PulmoPulse */ = {
			isa = PBXNativeTarget;
			buildConfigurationList = 6A753A652E12D423000C306B /* Build configuration list for PBXNativeTarget "PulmoPulse" */;
			buildPhases = (
				6A753A402E12D421000C306B /* Sources */,
				6A753A412E12D421000C306B /* Frameworks */,
				6A753A422E12D421000C306B /* Resources */,
			);
			buildRules = (
			);
			dependencies = (
			);
			fileSystemSynchronizedGroups = (
				6A753A462E12D421000C306B /* PulmoPulse */,
			);
			name = PulmoPulse;
			packageProductDependencies = (
				6A7F621B2E13365300CE5A3E /* FirebaseAuth */,
				6A7F621D2E13365300CE5A3E /* FirebaseCore */,
				6A7F621F2E13365300CE5A3E /* FirebaseFirestore */,
			);
			productName = PulmoPulse;
			productReference = 6A753A442E12D421000C306B /* PulmoPulse.app */;
			productType = "com.apple.product-type.application";
		};
		6A753A502E12D423000C306B /* PulmoPulseTests */ = {
			isa = PBXNativeTarget;
			buildConfigurationList = 6A753A682E12D423000C306B /* Build configuration list for PBXNativeTarget "PulmoPulseTests" */;
			buildPhases = (
				6A753A4D2E12D423000C306B /* Sources */,
				6A753A4E2E12D423000C306B /* Frameworks */,
				6A753A4F2E12D423000C306B /* Resources */,
			);
			buildRules = (
			);
			dependencies = (
				6A753A532E12D423000C306B /* PBXTargetDependency */,
			);
			fileSystemSynchronizedGroups = (
				6A753A542E12D423000C306B /* PulmoPulseTests */,
			);
			name = PulmoPulseTests;
			packageProductDependencies = (
			);
			productName = PulmoPulseTests;
			productReference = 6A753A512E12D423000C306B /* PulmoPulseTests.xctest */;
			productType = "com.apple.product-type.bundle.unit-test";
		};
		6A753A5A2E12D423000C306B /* PulmoPulseUITests */ = {
			isa = PBXNativeTarget;
			buildConfigurationList = 6A753A6B2E12D423000C306B /* Build configuration list for PBXNativeTarget "PulmoPulseUITests" */;
			buildPhases = (
				6A753A572E12D423000C306B /* Sources */,
				6A753A582E12D423000C306B /* Frameworks */,
				6A753A592E12D423000C306B /* Resources */,
			);
			buildRules = (
			);
			dependencies = (
				6A753A5D2E12D423000C306B /* PBXTargetDependency */,
			);
			fileSystemSynchronizedGroups = (
				6A753A5E2E12D423000C306B /* PulmoPulseUITests */,
			);
			name = PulmoPulseUITests;
			packageProductDependencies = (
			);
			productName = PulmoPulseUITests;
			productReference = 6A753A5B2E12D423000C306B /* PulmoPulseUITests.xctest */;
			productType = "com.apple.product-type.bundle.ui-testing";
		};
/* End PBXNativeTarget section */

/* Begin PBXProject section */
		6A753A3C2E12D421000C306B /* Project object */ = {
			isa = PBXProject;
			attributes = {
				BuildIndependentTargetsInParallel = 1;
				LastSwiftUpdateCheck = 1640;
				LastUpgradeCheck = 1640;
				TargetAttributes = {
					6A753A432E12D421000C306B = {
						CreatedOnToolsVersion = 16.4;
					};
					6A753A502E12D423000C306B = {
						CreatedOnToolsVersion = 16.4;
						TestTargetID = 6A753A432E12D421000C306B;
					};
					6A753A5A2E12D423000C306B = {
						CreatedOnToolsVersion = 16.4;
						TestTargetID = 6A753A432E12D421000C306B;
					};
				};
			};
			buildConfigurationList = 6A753A3F2E12D421000C306B /* Build configuration list for PBXProject "PulmoPulse" */;
			developmentRegion = en;
			hasScannedForEncodings = 0;
			knownRegions = (
				en,
				Base,
			);
			mainGroup = 6A753A3B2E12D421000C306B;
			minimizedProjectReferenceProxies = 1;
			packageReferences = (
				6A7F621A2E13365300CE5A3E /* XCRemoteSwiftPackageReference "firebase-ios-sdk" */,
			);
			preferredProjectObjectVersion = 77;
			productRefGroup = 6A753A452E12D421000C306B /* Products */;
			projectDirPath = "";
			projectRoot = "";
			targets = (
				6A753A432E12D421000C306B /* PulmoPulse */,
				6A753A502E12D423000C306B /* PulmoPulseTests */,
				6A753A5A2E12D423000C306B /* PulmoPulseUITests */,
			);
		};
/* End PBXProject section */

/* Begin PBXResourcesBuildPhase section */
		6A753A422E12D421000C306B /* Resources */ = {
			isa = PBXResourcesBuildPhase;
			buildActionMask = 2147483647;
			files = (
			);
			runOnlyForDeploymentPostprocessing = 0;
		};
		6A753A4F2E12D423000C306B /* Resources */ = {
			isa = PBXResourcesBuildPhase;
			buildActionMask = 2147483647;
			files = (
			);
			runOnlyForDeploymentPostprocessing = 0;
		};
		6A753A592E12D423000C306B /* Resources */ = {
			isa = PBXResourcesBuildPhase;
			buildActionMask = 2147483647;
			files = (
			);
			runOnlyForDeploymentPostprocessing = 0;
		};
/* End PBXResourcesBuildPhase section */

/* Begin PBXSourcesBuildPhase section */
		6A753A402E12D421000C306B /* Sources */ = {
			isa = PBXSourcesBuildPhase;
			buildActionMask = 2147483647;
			files = (
			);
			runOnlyForDeploymentPostprocessing = 0;
		};
		6A753A4D2E12D423000C306B /* Sources */ = {
			isa = PBXSourcesBuildPhase;
			buildActionMask = 2147483647;
			files = (
			);
			runOnlyForDeploymentPostprocessing = 0;
		};
		6A753A572E12D423000C306B /* Sources */ = {
			isa = PBXSourcesBuildPhase;
			buildActionMask = 2147483647;
			files = (
			);
			runOnlyForDeploymentPostprocessing = 0;
		};
/* End PBXSourcesBuildPhase section */

/* Begin PBXTargetDependency section */
		6A753A532E12D423000C306B /* PBXTargetDependency */ = {
			isa = PBXTargetDependency;
			target = 6A753A432E12D421000C306B /* PulmoPulse */;
			targetProxy = 6A753A522E12D423000C306B /* PBXContainerItemProxy */;
		};
		6A753A5D2E12D423000C306B /* PBXTargetDependency */ = {
			isa = PBXTargetDependency;
			target = 6A753A432E12D421000C306B /* PulmoPulse */;
			targetProxy = 6A753A5C2E12D423000C306B /* PBXContainerItemProxy */;
		};
/* End PBXTargetDependency section */

/* Begin XCBuildConfiguration section */
		6A753A632E12D423000C306B /* Debug */ = {
			isa = XCBuildConfiguration;
			buildSettings = {
				ALWAYS_SEARCH_USER_PATHS = NO;
				ASSETCATALOG_COMPILER_GENERATE_SWIFT_ASSET_SYMBOL_EXTENSIONS = YES;
				CLANG_ANALYZER_NONNULL = YES;
				CLANG_ANALYZER_NUMBER_OBJECT_CONVERSION = YES_AGGRESSIVE;
				CLANG_CXX_LANGUAGE_STANDARD = "gnu++20";
				CLANG_ENABLE_MODULES = YES;
				CLANG_ENABLE_OBJC_ARC = YES;
				CLANG_ENABLE_OBJC_WEAK = YES;
				CLANG_WARN_BLOCK_CAPTURE_AUTORELEASING = YES;
				CLANG_WARN_BOOL_CONVERSION = YES;
				CLANG_WARN_COMMA = YES;
				CLANG_WARN_CONSTANT_CONVERSION = YES;
				CLANG_WARN_DEPRECATED_OBJC_IMPLEMENTATIONS = YES;
				CLANG_WARN_DIRECT_OBJC_ISA_USAGE = YES_ERROR;
				CLANG_WARN_DOCUMENTATION_COMMENTS = YES;
				CLANG_WARN_EMPTY_BODY = YES;
				CLANG_WARN_ENUM_CONVERSION = YES;
				CLANG_WARN_INFINITE_RECURSION = YES;
				CLANG_WARN_INT_CONVERSION = YES;
				CLANG_WARN_NON_LITERAL_NULL_CONVERSION = YES;
				CLANG_WARN_OBJC_IMPLICIT_RETAIN_SELF = YES;
				CLANG_WARN_OBJC_LITERAL_CONVERSION = YES;
				CLANG_WARN_OBJC_ROOT_CLASS = YES_ERROR;
				CLANG_WARN_QUOTED_INCLUDE_IN_FRAMEWORK_HEADER = YES;
				CLANG_WARN_RANGE_LOOP_ANALYSIS = YES;
				CLANG_WARN_STRICT_PROTOTYPES = YES;
				CLANG_WARN_SUSPICIOUS_MOVE = YES;
				CLANG_WARN_UNGUARDED_AVAILABILITY = YES_AGGRESSIVE;
				CLANG_WARN_UNREACHABLE_CODE = YES;
				CLANG_WARN__DUPLICATE_METHOD_MATCH = YES;
				COPY_PHASE_STRIP = NO;
				DEBUG_INFORMATION_FORMAT = dwarf;
				DEVELOPMENT_TEAM = 92KD58CVBS;
				ENABLE_STRICT_OBJC_MSGSEND = YES;
				ENABLE_TESTABILITY = YES;
				ENABLE_USER_SCRIPT_SANDBOXING = YES;
				GCC_C_LANGUAGE_STANDARD = gnu17;
				GCC_DYNAMIC_NO_PIC = NO;
				GCC_NO_COMMON_BLOCKS = YES;
				GCC_OPTIMIZATION_LEVEL = 0;
				GCC_PREPROCESSOR_DEFINITIONS = (
					"DEBUG=1",
					"$(inherited)",
				);
				GCC_WARN_64_TO_32_BIT_CONVERSION = YES;
				GCC_WARN_ABOUT_RETURN_TYPE = YES_ERROR;
				GCC_WARN_UNDECLARED_SELECTOR = YES;
				GCC_WARN_UNINITIALIZED_AUTOS = YES_AGGRESSIVE;
				GCC_WARN_UNUSED_FUNCTION = YES;
				GCC_WARN_UNUSED_VARIABLE = YES;
				IPHONEOS_DEPLOYMENT_TARGET = 18.5;
				LOCALIZATION_PREFERS_STRING_CATALOGS = YES;
				MTL_ENABLE_DEBUG_INFO = INCLUDE_SOURCE;
				MTL_FAST_MATH = YES;
				ONLY_ACTIVE_ARCH = YES;
				SDKROOT = iphoneos;
				SWIFT_ACTIVE_COMPILATION_CONDITIONS = "DEBUG $(inherited)";
				SWIFT_OPTIMIZATION_LEVEL = "-Onone";
			};
			name = Debug;
		};
		6A753A642E12D423000C306B /* Release */ = {
			isa = XCBuildConfiguration;
			buildSettings = {
				ALWAYS_SEARCH_USER_PATHS = NO;
				ASSETCATALOG_COMPILER_GENERATE_SWIFT_ASSET_SYMBOL_EXTENSIONS = YES;
				CLANG_ANALYZER_NONNULL = YES;
				CLANG_ANALYZER_NUMBER_OBJECT_CONVERSION = YES_AGGRESSIVE;
				CLANG_CXX_LANGUAGE_STANDARD = "gnu++20";
				CLANG_ENABLE_MODULES = YES;
				CLANG_ENABLE_OBJC_ARC = YES;
				CLANG_ENABLE_OBJC_WEAK = YES;
				CLANG_WARN_BLOCK_CAPTURE_AUTORELEASING = YES;
				CLANG_WARN_BOOL_CONVERSION = YES;
				CLANG_WARN_COMMA = YES;
				CLANG_WARN_CONSTANT_CONVERSION = YES;
				CLANG_WARN_DEPRECATED_OBJC_IMPLEMENTATIONS = YES;
				CLANG_WARN_DIRECT_OBJC_ISA_USAGE = YES_ERROR;
				CLANG_WARN_DOCUMENTATION_COMMENTS = YES;
				CLANG_WARN_EMPTY_BODY = YES;
				CLANG_WARN_ENUM_CONVERSION = YES;
				CLANG_WARN_INFINITE_RECURSION = YES;
				CLANG_WARN_INT_CONVERSION = YES;
				CLANG_WARN_NON_LITERAL_NULL_CONVERSION = YES;
				CLANG_WARN_OBJC_IMPLICIT_RETAIN_SELF = YES;
				CLANG_WARN_OBJC_LITERAL_CONVERSION = YES;
				CLANG_WARN_OBJC_ROOT_CLASS = YES_ERROR;
				CLANG_WARN_QUOTED_INCLUDE_IN_FRAMEWORK_HEADER = YES;
				CLANG_WARN_RANGE_LOOP_ANALYSIS = YES;
				CLANG_WARN_STRICT_PROTOTYPES = YES;
				CLANG_WARN_SUSPICIOUS_MOVE = YES;
				CLANG_WARN_UNGUARDED_AVAILABILITY = YES_AGGRESSIVE;
				CLANG_WARN_UNREACHABLE_CODE = YES;
				CLANG_WARN__DUPLICATE_METHOD_MATCH = YES;
				COPY_PHASE_STRIP = NO;
				DEBUG_INFORMATION_FORMAT = "dwarf-with-dsym";
				DEVELOPMENT_TEAM = 92KD58CVBS;
				ENABLE_NS_ASSERTIONS = NO;
				ENABLE_STRICT_OBJC_MSGSEND = YES;
				ENABLE_USER_SCRIPT_SANDBOXING = YES;
				GCC_C_LANGUAGE_STANDARD = gnu17;
				GCC_NO_COMMON_BLOCKS = YES;
				GCC_WARN_64_TO_32_BIT_CONVERSION = YES;
				GCC_WARN_ABOUT_RETURN_TYPE = YES_ERROR;
				GCC_WARN_UNDECLARED_SELECTOR = YES;
				GCC_WARN_UNINITIALIZED_AUTOS = YES_AGGRESSIVE;
				GCC_WARN_UNUSED_FUNCTION = YES;
				GCC_WARN_UNUSED_VARIABLE = YES;
				IPHONEOS_DEPLOYMENT_TARGET = 18.5;
				LOCALIZATION_PREFERS_STRING_CATALOGS = YES;
				MTL_ENABLE_DEBUG_INFO = NO;
				MTL_FAST_MATH = YES;
				SDKROOT = iphoneos;
				SWIFT_COMPILATION_MODE = wholemodule;
				VALIDATE_PRODUCT = YES;
			};
			name = Release;
		};
		6A753A662E12D423000C306B /* Debug */ = {
			isa = XCBuildConfiguration;
			buildSettings = {
				ASSETCATALOG_COMPILER_APPICON_NAME = AppIcon;
				ASSETCATALOG_COMPILER_GLOBAL_ACCENT_COLOR_NAME = AccentColor;
				CODE_SIGN_ENTITLEMENTS = PulmoPulse/PulmoPulse.entitlements;
				CODE_SIGN_STYLE = Automatic;
				CURRENT_PROJECT_VERSION = 0071;
				DEBUG_INFORMATION_FORMAT = "dwarf-with-dsym";
				DEVELOPMENT_TEAM = 92KD58CVBS;
				ENABLE_PREVIEWS = YES;
				GENERATE_INFOPLIST_FILE = YES;
				INFOPLIST_FILE = PulmoPulse/Info.plist;
				INFOPLIST_KEY_CFBundleDisplayName = PulmoPulse;
				INFOPLIST_KEY_LSApplicationCategoryType = "public.app-category.healthcare-fitness";
				INFOPLIST_KEY_UIApplicationSceneManifest_Generation = YES;
				INFOPLIST_KEY_UIApplicationSupportsIndirectInputEvents = YES;
				INFOPLIST_KEY_UILaunchScreen_Generation = YES;
				INFOPLIST_KEY_UISupportedInterfaceOrientations_iPad = "UIInterfaceOrientationPortrait UIInterfaceOrientationPortraitUpsideDown UIInterfaceOrientationLandscapeLeft UIInterfaceOrientationLandscapeRight";
				INFOPLIST_KEY_UISupportedInterfaceOrientations_iPhone = "UIInterfaceOrientationPortrait UIInterfaceOrientationLandscapeLeft UIInterfaceOrientationLandscapeRight";
				LD_RUNPATH_SEARCH_PATHS = (
					"$(inherited)",
					"@executable_path/Frameworks",
				);
				MARKETING_VERSION = 0.5;
				PRODUCT_BUNDLE_IDENTIFIER = com.wolfgangkleinhaentz.PulmoPulse;
				PRODUCT_NAME = "$(TARGET_NAME)";
				SWIFT_EMIT_LOC_STRINGS = YES;
				SWIFT_VERSION = 5.0;
				TARGETED_DEVICE_FAMILY = "1,2";
			};
			name = Debug;
		};
		6A753A672E12D423000C306B /* Release */ = {
			isa = XCBuildConfiguration;
			buildSettings = {
				ASSETCATALOG_COMPILER_APPICON_NAME = AppIcon;
				ASSETCATALOG_COMPILER_GLOBAL_ACCENT_COLOR_NAME = AccentColor;
				CODE_SIGN_ENTITLEMENTS = PulmoPulse/PulmoPulse.entitlements;
				CODE_SIGN_STYLE = Automatic;
				CURRENT_PROJECT_VERSION = 0071;
				DEVELOPMENT_TEAM = 92KD58CVBS;
				ENABLE_PREVIEWS = YES;
				GENERATE_INFOPLIST_FILE = YES;
				INFOPLIST_FILE = PulmoPulse/Info.plist;
				INFOPLIST_KEY_CFBundleDisplayName = PulmoPulse;
				INFOPLIST_KEY_LSApplicationCategoryType = "public.app-category.healthcare-fitness";
				INFOPLIST_KEY_UIApplicationSceneManifest_Generation = YES;
				INFOPLIST_KEY_UIApplicationSupportsIndirectInputEvents = YES;
				INFOPLIST_KEY_UILaunchScreen_Generation = YES;
				INFOPLIST_KEY_UISupportedInterfaceOrientations_iPad = "UIInterfaceOrientationPortrait UIInterfaceOrientationPortraitUpsideDown UIInterfaceOrientationLandscapeLeft UIInterfaceOrientationLandscapeRight";
				INFOPLIST_KEY_UISupportedInterfaceOrientations_iPhone = "UIInterfaceOrientationPortrait UIInterfaceOrientationLandscapeLeft UIInterfaceOrientationLandscapeRight";
				LD_RUNPATH_SEARCH_PATHS = (
					"$(inherited)",
					"@executable_path/Frameworks",
				);
				MARKETING_VERSION = 0.5;
				PRODUCT_BUNDLE_IDENTIFIER = com.wolfgangkleinhaentz.PulmoPulse;
				PRODUCT_NAME = "$(TARGET_NAME)";
				SWIFT_EMIT_LOC_STRINGS = YES;
				SWIFT_VERSION = 5.0;
				TARGETED_DEVICE_FAMILY = "1,2";
			};
			name = Release;
		};
		6A753A692E12D423000C306B /* Debug */ = {
			isa = XCBuildConfiguration;
			buildSettings = {
				BUNDLE_LOADER = "$(TEST_HOST)";
				CODE_SIGN_STYLE = Automatic;
				CURRENT_PROJECT_VERSION = 1;
				DEVELOPMENT_TEAM = 92KD58CVBS;
				GENERATE_INFOPLIST_FILE = YES;
				IPHONEOS_DEPLOYMENT_TARGET = 18.5;
				MARKETING_VERSION = 1.0;
				PRODUCT_BUNDLE_IDENTIFIER = privat.PulmoPulseTests;
				PRODUCT_NAME = "$(TARGET_NAME)";
				SWIFT_EMIT_LOC_STRINGS = NO;
				SWIFT_VERSION = 5.0;
				TARGETED_DEVICE_FAMILY = "1,2";
				TEST_HOST = "$(BUILT_PRODUCTS_DIR)/PulmoPulse.app/$(BUNDLE_EXECUTABLE_FOLDER_PATH)/PulmoPulse";
			};
			name = Debug;
		};
		6A753A6A2E12D423000C306B /* Release */ = {
			isa = XCBuildConfiguration;
			buildSettings = {
				BUNDLE_LOADER = "$(TEST_HOST)";
				CODE_SIGN_STYLE = Automatic;
				CURRENT_PROJECT_VERSION = 1;
				DEVELOPMENT_TEAM = 92KD58CVBS;
				GENERATE_INFOPLIST_FILE = YES;
				IPHONEOS_DEPLOYMENT_TARGET = 18.5;
				MARKETING_VERSION = 1.0;
				PRODUCT_BUNDLE_IDENTIFIER = privat.PulmoPulseTests;
				PRODUCT_NAME = "$(TARGET_NAME)";
				SWIFT_EMIT_LOC_STRINGS = NO;
				SWIFT_VERSION = 5.0;
				TARGETED_DEVICE_FAMILY = "1,2";
				TEST_HOST = "$(BUILT_PRODUCTS_DIR)/PulmoPulse.app/$(BUNDLE_EXECUTABLE_FOLDER_PATH)/PulmoPulse";
			};
			name = Release;
		};
		6A753A6C2E12D423000C306B /* Debug */ = {
			isa = XCBuildConfiguration;
			buildSettings = {
				CODE_SIGN_STYLE = Automatic;
				CURRENT_PROJECT_VERSION = 1;
				DEVELOPMENT_TEAM = 92KD58CVBS;
				GENERATE_INFOPLIST_FILE = YES;
				MARKETING_VERSION = 1.0;
				PRODUCT_BUNDLE_IDENTIFIER = privat.PulmoPulseUITests;
				PRODUCT_NAME = "$(TARGET_NAME)";
				SWIFT_EMIT_LOC_STRINGS = NO;
				SWIFT_VERSION = 5.0;
				TARGETED_DEVICE_FAMILY = "1,2";
				TEST_TARGET_NAME = PulmoPulse;
			};
			name = Debug;
		};
		6A753A6D2E12D423000C306B /* Release */ = {
			isa = XCBuildConfiguration;
			buildSettings = {
				CODE_SIGN_STYLE = Automatic;
				CURRENT_PROJECT_VERSION = 1;
				DEVELOPMENT_TEAM = 92KD58CVBS;
				GENERATE_INFOPLIST_FILE = YES;
				MARKETING_VERSION = 1.0;
				PRODUCT_BUNDLE_IDENTIFIER = privat.PulmoPulseUITests;
				PRODUCT_NAME = "$(TARGET_NAME)";
				SWIFT_EMIT_LOC_STRINGS = NO;
				SWIFT_VERSION = 5.0;
				TARGETED_DEVICE_FAMILY = "1,2";
				TEST_TARGET_NAME = PulmoPulse;
			};
			name = Release;
		};
/* End XCBuildConfiguration section */

/* Begin XCConfigurationList section */
		6A753A3F2E12D421000C306B /* Build configuration list for PBXProject "PulmoPulse" */ = {
			isa = XCConfigurationList;
			buildConfigurations = (
				6A753A632E12D423000C306B /* Debug */,
				6A753A642E12D423000C306B /* Release */,
			);
			defaultConfigurationIsVisible = 0;
			defaultConfigurationName = Release;
		};
		6A753A652E12D423000C306B /* Build configuration list for PBXNativeTarget "PulmoPulse" */ = {
			isa = XCConfigurationList;
			buildConfigurations = (
				6A753A662E12D423000C306B /* Debug */,
				6A753A672E12D423000C306B /* Release */,
			);
			defaultConfigurationIsVisible = 0;
			defaultConfigurationName = Release;
		};
		6A753A682E12D423000C306B /* Build configuration list for PBXNativeTarget "PulmoPulseTests" */ = {
			isa = XCConfigurationList;
			buildConfigurations = (
				6A753A692E12D423000C306B /* Debug */,
				6A753A6A2E12D423000C306B /* Release */,
			);
			defaultConfigurationIsVisible = 0;
			defaultConfigurationName = Release;
		};
		6A753A6B2E12D423000C306B /* Build configuration list for PBXNativeTarget "PulmoPulseUITests" */ = {
			isa = XCConfigurationList;
			buildConfigurations = (
				6A753A6C2E12D423000C306B /* Debug */,
				6A753A6D2E12D423000C306B /* Release */,
			);
			defaultConfigurationIsVisible = 0;
			defaultConfigurationName = Release;
		};
/* End XCConfigurationList section */

/* Begin XCRemoteSwiftPackageReference section */
		6A7F621A2E13365300CE5A3E /* XCRemoteSwiftPackageReference "firebase-ios-sdk" */ = {
			isa = XCRemoteSwiftPackageReference;
			repositoryURL = "https://github.com/firebase/firebase-ios-sdk";
			requirement = {
				kind = upToNextMajorVersion;
				minimumVersion = 11.15.0;
			};
		};
/* End XCRemoteSwiftPackageReference section */

/* Begin XCSwiftPackageProductDependency section */
		6A7F621B2E13365300CE5A3E /* FirebaseAuth */ = {
			isa = XCSwiftPackageProductDependency;
			package = 6A7F621A2E13365300CE5A3E /* XCRemoteSwiftPackageReference "firebase-ios-sdk" */;
			productName = FirebaseAuth;
		};
		6A7F621D2E13365300CE5A3E /* FirebaseCore */ = {
			isa = XCSwiftPackageProductDependency;
			package = 6A7F621A2E13365300CE5A3E /* XCRemoteSwiftPackageReference "firebase-ios-sdk" */;
			productName = FirebaseCore;
		};
		6A7F621F2E13365300CE5A3E /* FirebaseFirestore */ = {
			isa = XCSwiftPackageProductDependency;
			package = 6A7F621A2E13365300CE5A3E /* XCRemoteSwiftPackageReference "firebase-ios-sdk" */;
			productName = FirebaseFirestore;
		};
/* End XCSwiftPackageProductDependency section */
	};
	rootObject = 6A753A3C2E12D421000C306B /* Project object */;
}
